
Microsoft Visual Studio Solution File, Format Version 12.00
# Visual Studio 15
VisualStudioVersion = 15.0.26430.14
MinimumVisualStudioVersion = 10.0.40219.1
Project("{FAE04EC0-301F-11D3-BF4B-00C04F79EFBC}") = "MaterialWpfApplication", "MaterialWpfApplication\MaterialWpfApplication.csproj", "{0CA92EBF-8E3F-4998-B3F3-9765E9350FEF}"
EndProject
Project("{FAE04EC0-301F-11D3-BF4B-00C04F79EFBC}") = "MaterialDesignColors.Wpf", "..\MaterialDesignInXamlToolkit-master\MaterialDesignColors.Wpf\MaterialDesignColors.Wpf.csproj", "{90B53209-C60C-4655-B28D-A1B3E1044BA3}"
EndProject
Global
	GlobalSection(SolutionConfigurationPlatforms) = preSolution
		AppVeyor|Any CPU = AppVeyor|Any CPU
		Debug|Any CPU = Debug|Any CPU
		Release|Any CPU = Release|Any CPU
	EndGlobalSection
	GlobalSection(ProjectConfigurationPlatforms) = postSolution
		{0CA92EBF-8E3F-4998-B3F3-9765E9350FEF}.AppVeyor|Any CPU.ActiveCfg = Release|Any CPU
		{0CA92EBF-8E3F-4998-B3F3-9765E9350FEF}.AppVeyor|Any CPU.Build.0 = Release|Any CPU
		{0CA92EBF-8E3F-4998-B3F3-9765E9350FEF}.Debug|Any CPU.ActiveCfg = Debug|Any CPU
		{0CA92EBF-8E3F-4998-B3F3-9765E9350FEF}.Debug|Any CPU.Build.0 = Debug|Any CPU
		{0CA92EBF-8E3F-4998-B3F3-9765E9350FEF}.Release|Any CPU.ActiveCfg = Release|Any CPU
		{0CA92EBF-8E3F-4998-B3F3-9765E9350FEF}.Release|Any CPU.Build.0 = Release|Any CPU
		{90B53209-C60C-4655-B28D-A1B3E1044BA3}.AppVeyor|Any CPU.ActiveCfg = AppVeyor|Any CPU
		{90B53209-C60C-4655-B28D-A1B3E1044BA3}.AppVeyor|Any CPU.Build.0 = AppVeyor|Any CPU
		{90B53209-C60C-4655-B28D-A1B3E1044BA3}.Debug|Any CPU.ActiveCfg = Debug|Any CPU
		{90B53209-C60C-4655-B28D-A1B3E1044BA3}.Debug|Any CPU.Build.0 = Debug|Any CPU
		{90B53209-C60C-4655-B28D-A1B3E1044BA3}.Release|Any CPU.ActiveCfg = Release|Any CPU
		{90B53209-C60C-4655-B28D-A1B3E1044BA3}.Release|Any CPU.Build.0 = Release|Any CPU
	EndGlobalSection
	GlobalSection(SolutionProperties) = preSolution
		HideSolutionNode = FALSE
	EndGlobalSection
EndGlobal
